
Microsoft Visual Studio Solution File, Format Version 12.00
Project("{FAE04EC0-301F-11D3-BF4B-00C04F79EFBC}") = "Day01_1", "Day01_1\Day01_1.csproj", "{E0E20290-B573-4EED-9340-00C73ABBCFD0}"
EndProject
Project("{FAE04EC0-301F-11D3-BF4B-00C04F79EFBC}") = "Day01_2", "Day01_2\Day01_2.csproj", "{6FA9E986-AC50-44BF-9D95-2B124C1CF379}"
EndProject
Project("{FAE04EC0-301F-11D3-BF4B-00C04F79EFBC}") = "Day02_1", "Day02_1\Day02_1.csproj", "{7A8801B3-AE98-49FF-AB5A-9BF81DE0BD55}"
EndProject
Project("{FAE04EC0-301F-11D3-BF4B-00C04F79EFBC}") = "Day02_2", "Day02_2\Day02_2.csproj", "{65D35AB5-E9F8-4458-91B9-B76139A8CD64}"
EndProject
Project("{FAE04EC0-301F-11D3-BF4B-00C04F79EFBC}") = "Day03_01", "Day03_01\Day03_01.csproj", "{13030D12-5B16-47C6-A510-839AF52BFD33}"
EndProject
Project("{FAE04EC0-301F-11D3-BF4B-00C04F79EFBC}") = "Day03_02", "Day03_02\Day03_02.csproj", "{C32A9341-33BB-4904-AACE-880317A999A0}"
EndProject
Global
	GlobalSection(SolutionConfigurationPlatforms) = preSolution
		Debug|Any CPU = Debug|Any CPU
		Release|Any CPU = Release|Any CPU
	EndGlobalSection
	GlobalSection(ProjectConfigurationPlatforms) = postSolution
		{E0E20290-B573-4EED-9340-00C73ABBCFD0}.Debug|Any CPU.ActiveCfg = Debug|Any CPU
		{E0E20290-B573-4EED-9340-00C73ABBCFD0}.Debug|Any CPU.Build.0 = Debug|Any CPU
		{E0E20290-B573-4EED-9340-00C73ABBCFD0}.Release|Any CPU.ActiveCfg = Release|Any CPU
		{E0E20290-B573-4EED-9340-00C73ABBCFD0}.Release|Any CPU.Build.0 = Release|Any CPU
		{6FA9E986-AC50-44BF-9D95-2B124C1CF379}.Debug|Any CPU.ActiveCfg = Debug|Any CPU
		{6FA9E986-AC50-44BF-9D95-2B124C1CF379}.Debug|Any CPU.Build.0 = Debug|Any CPU
		{6FA9E986-AC50-44BF-9D95-2B124C1CF379}.Release|Any CPU.ActiveCfg = Release|Any CPU
		{6FA9E986-AC50-44BF-9D95-2B124C1CF379}.Release|Any CPU.Build.0 = Release|Any CPU
		{7A8801B3-AE98-49FF-AB5A-9BF81DE0BD55}.Debug|Any CPU.ActiveCfg = Debug|Any CPU
		{7A8801B3-AE98-49FF-AB5A-9BF81DE0BD55}.Debug|Any CPU.Build.0 = Debug|Any CPU
		{7A8801B3-AE98-49FF-AB5A-9BF81DE0BD55}.Release|Any CPU.ActiveCfg = Release|Any CPU
		{7A8801B3-AE98-49FF-AB5A-9BF81DE0BD55}.Release|Any CPU.Build.0 = Release|Any CPU
		{65D35AB5-E9F8-4458-91B9-B76139A8CD64}.Debug|Any CPU.ActiveCfg = Debug|Any CPU
		{65D35AB5-E9F8-4458-91B9-B76139A8CD64}.Debug|Any CPU.Build.0 = Debug|Any CPU
		{65D35AB5-E9F8-4458-91B9-B76139A8CD64}.Release|Any CPU.ActiveCfg = Release|Any CPU
		{65D35AB5-E9F8-4458-91B9-B76139A8CD64}.Release|Any CPU.Build.0 = Release|Any CPU
		{13030D12-5B16-47C6-A510-839AF52BFD33}.Debug|Any CPU.ActiveCfg = Debug|Any CPU
		{13030D12-5B16-47C6-A510-839AF52BFD33}.Debug|Any CPU.Build.0 = Debug|Any CPU
		{13030D12-5B16-47C6-A510-839AF52BFD33}.Release|Any CPU.ActiveCfg = Release|Any CPU
		{13030D12-5B16-47C6-A510-839AF52BFD33}.Release|Any CPU.Build.0 = Release|Any CPU
		{C32A9341-33BB-4904-AACE-880317A999A0}.Debug|Any CPU.ActiveCfg = Debug|Any CPU
		{C32A9341-33BB-4904-AACE-880317A999A0}.Debug|Any CPU.Build.0 = Debug|Any CPU
		{C32A9341-33BB-4904-AACE-880317A999A0}.Release|Any CPU.ActiveCfg = Release|Any CPU
		{C32A9341-33BB-4904-AACE-880317A999A0}.Release|Any CPU.Build.0 = Release|Any CPU
	EndGlobalSection
EndGlobal
